# -------------------------------------------------------------------------- #
#
# Copyright (C) 2025  Altera Corporation. All rights reserved.
# Your use of Altera Corporation's design tools, logic functions 
# and other software and tools, and any partner logic 
# functions, and any output files from any of the foregoing 
# (including device programming or simulation files), and any 
# associated documentation or information are expressly subject 
# to the terms and conditions of the Altera Program License 
# Subscription Agreement, the Altera Quartus Prime License Agreement,
# the Altera IP License Agreement, or other applicable license
# agreement, including, without limitation, that your use is for
# the sole purpose of programming logic devices manufactured by
# Altera and sold by Altera or its authorized distributors.  Please
# refer to the Altera Software License Subscription Agreements 
# on the Quartus Prime software download page.
#
# -------------------------------------------------------------------------- #
#
# Quartus Prime
# Version 25.1std.0 Build 1129 10/21/2025 SC Lite Edition
# Date created = 17:02:21  July 14, 2026
#
# -------------------------------------------------------------------------- #
#
# Notes:
#
# 1) The default values for assignments are stored in the file:
#		wavegen_assignment_defaults.qdf
#    If this file doesn't exist, see file:
#		assignment_defaults.qdf
#
# 2) Intel recommends that you do not modify this file. This
#    file is updated automatically by the Quartus Prime software
#    and any changes you make may be lost or overwritten.
#
# -------------------------------------------------------------------------- #


set_global_assignment -name FAMILY "Cyclone IV E"
set_global_assignment -name DEVICE EP4CE30F23C8
set_global_assignment -name TOP_LEVEL_ENTITY wavegen
set_global_assignment -name ORIGINAL_QUARTUS_VERSION 25.1STD.0
set_global_assignment -name PROJECT_CREATION_TIME_DATE "17:02:21  JULY 14, 2026"
set_global_assignment -name LAST_QUARTUS_VERSION "25.1std.0 Lite Edition"
set_global_assignment -name PROJECT_OUTPUT_DIRECTORY output_files
set_global_assignment -name MIN_CORE_JUNCTION_TEMP 0
set_global_assignment -name MAX_CORE_JUNCTION_TEMP 85
set_global_assignment -name ERROR_CHECK_FREQUENCY_DIVISOR 1
set_global_assignment -name NOMINAL_CORE_SUPPLY_VOLTAGE 1.2V
set_global_assignment -name EDA_SIMULATION_TOOL "Questa Altera FPGA (Verilog)"
set_global_assignment -name EDA_TIME_SCALE "1 ps" -section_id eda_simulation
set_global_assignment -name EDA_OUTPUT_DATA_FORMAT "VERILOG HDL" -section_id eda_simulation
set_global_assignment -name EDA_GENERATE_FUNCTIONAL_NETLIST OFF -section_id eda_board_design_timing
set_global_assignment -name EDA_GENERATE_FUNCTIONAL_NETLIST OFF -section_id eda_board_design_symbol
set_global_assignment -name EDA_GENERATE_FUNCTIONAL_NETLIST OFF -section_id eda_board_design_signal_integrity
set_global_assignment -name EDA_GENERATE_FUNCTIONAL_NETLIST OFF -section_id eda_board_design_boundary_scan
set_global_assignment -name VERILOG_FILE rtl/wavegen_top.v
set_global_assignment -name VERILOG_FILE rtl/reset_sync.v
set_global_assignment -name VERILOG_FILE rtl/spi_slave.v
set_global_assignment -name VERILOG_FILE rtl/reg_file.v
set_global_assignment -name VERILOG_FILE rtl/key_ctrl.v
set_global_assignment -name VERILOG_FILE rtl/dds_channel.v
set_global_assignment -name VERILOG_FILE rtl/wave_sine_lut.v
set_global_assignment -name VERILOG_FILE rtl/wave_square.v
set_global_assignment -name VERILOG_FILE rtl/wave_triangle.v
set_global_assignment -name VERILOG_FILE rtl/dac_ad9767_if.v
set_global_assignment -name VERILOG_FILE rtl/adc_clk_gen.v
set_global_assignment -name VERILOG_FILE rtl/adc_frame_buffer.v
set_global_assignment -name VERILOG_FILE rtl/adc_capture.v
set_global_assignment -name VERILOG_FILE rtl/adc_readout.v
set_global_assignment -name VERILOG_FILE rtl/adc_irq.v
set_global_assignment -name VERILOG_FILE rtl/adc_top.v
set_global_assignment -name MIF_FILE mem/sine14_16384.mif

set_global_assignment -name PARTITION_NETLIST_TYPE SOURCE -section_id Top
set_global_assignment -name PARTITION_FITTER_PRESERVATION_LEVEL PLACEMENT_AND_ROUTING -section_id Top
set_global_assignment -name PARTITION_COLOR 16764057 -section_id Top
set_location_assignment PIN_A14 -to DACA_DATA[0]
set_location_assignment PIN_B14 -to DACA_DATA[1]
set_location_assignment PIN_E14 -to DACA_DATA[2]
set_location_assignment PIN_F14 -to DACA_DATA[3]
set_location_assignment PIN_G14 -to DACA_DATA[4]
set_location_assignment PIN_A13 -to DACA_DATA[5]
set_location_assignment PIN_B13 -to DACA_DATA[6]
set_location_assignment PIN_C13 -to DACA_DATA[7]
set_location_assignment PIN_D13 -to DACA_DATA[8]
set_location_assignment PIN_E13 -to DACA_DATA[9]
set_location_assignment PIN_F13 -to DACA_DATA[10]
set_location_assignment PIN_G13 -to DACA_DATA[11]
set_location_assignment PIN_E12 -to DACA_DATA[12]
set_location_assignment PIN_E11 -to DACA_DATA[13]
set_location_assignment PIN_F15 -to DACA_CLK
set_location_assignment PIN_G15 -to DACA_WRT
set_location_assignment PIN_E15 -to DACB_CLK
set_location_assignment PIN_D15 -to DACB_WRT
set_location_assignment PIN_C15 -to DACB_DATA[13]
set_location_assignment PIN_B15 -to DACB_DATA[12]
set_location_assignment PIN_A15 -to DACB_DATA[11]
set_location_assignment PIN_D17 -to DACB_DATA[10]
set_location_assignment PIN_C17 -to DACB_DATA[9]
set_location_assignment PIN_B17 -to DACB_DATA[8]
set_location_assignment PIN_A17 -to DACB_DATA[7]
set_location_assignment PIN_B18 -to DACB_DATA[6]
set_location_assignment PIN_A18 -to DACB_DATA[5]
set_location_assignment PIN_D19 -to DACB_DATA[4]
set_location_assignment PIN_C19 -to DACB_DATA[3]
set_location_assignment PIN_B19 -to DACB_DATA[2]
set_location_assignment PIN_A19 -to DACB_DATA[1]
set_location_assignment PIN_B20 -to DACB_DATA[0]
set_location_assignment PIN_D2 -to Rst_n
set_location_assignment PIN_C1 -to Key
set_location_assignment PIN_G1 -to CLK50M
set_location_assignment PIN_V12 -to SPI_CS_N
set_location_assignment PIN_T13 -to SPI_MISO
set_location_assignment PIN_U13 -to SPI_MOSI
set_location_assignment PIN_V13 -to SPI_SCLK
set_location_assignment PIN_A20 -to ADC_IRQ
set_location_assignment PIN_J18 -to AD_1_CLK
set_location_assignment PIN_D22 -to AD_2_CLK
set_location_assignment PIN_M21 -to AD_1_DATA[11]
set_location_assignment PIN_M20 -to AD_1_DATA[10]
set_location_assignment PIN_M19 -to AD_1_DATA[9]
set_location_assignment PIN_L22 -to AD_1_DATA[8]
set_location_assignment PIN_L21 -to AD_1_DATA[7]
set_location_assignment PIN_K22 -to AD_1_DATA[6]
set_location_assignment PIN_K21 -to AD_1_DATA[5]
set_location_assignment PIN_K19 -to AD_1_DATA[4]
set_location_assignment PIN_K18 -to AD_1_DATA[3]
set_location_assignment PIN_K17 -to AD_1_DATA[2]
set_location_assignment PIN_J22 -to AD_1_DATA[1]
set_location_assignment PIN_J21 -to AD_1_DATA[0]
set_location_assignment PIN_H21 -to AD_2_DATA[11]
set_location_assignment PIN_H20 -to AD_2_DATA[10]
set_location_assignment PIN_H19 -to AD_2_DATA[9]
set_location_assignment PIN_G18 -to AD_2_DATA[8]
set_location_assignment PIN_G17 -to AD_2_DATA[7]
set_location_assignment PIN_F22 -to AD_2_DATA[6]
set_location_assignment PIN_F21 -to AD_2_DATA[5]
set_location_assignment PIN_F20 -to AD_2_DATA[4]
set_location_assignment PIN_F19 -to AD_2_DATA[3]
set_location_assignment PIN_F17 -to AD_2_DATA[2]
set_location_assignment PIN_E22 -to AD_2_DATA[1]
set_location_assignment PIN_E21 -to AD_2_DATA[0]
set_instance_assignment -name IO_STANDARD "3.3-V LVTTL" -to SPI_SCLK
set_instance_assignment -name IO_STANDARD "3.3-V LVTTL" -to SPI_MOSI
set_instance_assignment -name IO_STANDARD "3.3-V LVTTL" -to SPI_MISO
set_instance_assignment -name IO_STANDARD "3.3-V LVTTL" -to SPI_CS_N
set_instance_assignment -name IO_STANDARD "3.3-V LVTTL" -to ADC_IRQ
set_instance_assignment -name IO_STANDARD "3.3-V LVTTL" -to AD_1_CLK
set_instance_assignment -name IO_STANDARD "3.3-V LVTTL" -to AD_2_CLK
set_instance_assignment -name IO_STANDARD "3.3-V LVTTL" -to AD_1_DATA[0]
set_instance_assignment -name IO_STANDARD "3.3-V LVTTL" -to AD_1_DATA[1]
set_instance_assignment -name IO_STANDARD "3.3-V LVTTL" -to AD_1_DATA[2]
set_instance_assignment -name IO_STANDARD "3.3-V LVTTL" -to AD_1_DATA[3]
set_instance_assignment -name IO_STANDARD "3.3-V LVTTL" -to AD_1_DATA[4]
set_instance_assignment -name IO_STANDARD "3.3-V LVTTL" -to AD_1_DATA[5]
set_instance_assignment -name IO_STANDARD "3.3-V LVTTL" -to AD_1_DATA[6]
set_instance_assignment -name IO_STANDARD "3.3-V LVTTL" -to AD_1_DATA[7]
set_instance_assignment -name IO_STANDARD "3.3-V LVTTL" -to AD_1_DATA[8]
set_instance_assignment -name IO_STANDARD "3.3-V LVTTL" -to AD_1_DATA[9]
set_instance_assignment -name IO_STANDARD "3.3-V LVTTL" -to AD_1_DATA[10]
set_instance_assignment -name IO_STANDARD "3.3-V LVTTL" -to AD_1_DATA[11]
set_instance_assignment -name IO_STANDARD "3.3-V LVTTL" -to AD_2_DATA[0]
set_instance_assignment -name IO_STANDARD "3.3-V LVTTL" -to AD_2_DATA[1]
set_instance_assignment -name IO_STANDARD "3.3-V LVTTL" -to AD_2_DATA[2]
set_instance_assignment -name IO_STANDARD "3.3-V LVTTL" -to AD_2_DATA[3]
set_instance_assignment -name IO_STANDARD "3.3-V LVTTL" -to AD_2_DATA[4]
set_instance_assignment -name IO_STANDARD "3.3-V LVTTL" -to AD_2_DATA[5]
set_instance_assignment -name IO_STANDARD "3.3-V LVTTL" -to AD_2_DATA[6]
set_instance_assignment -name IO_STANDARD "3.3-V LVTTL" -to AD_2_DATA[7]
set_instance_assignment -name IO_STANDARD "3.3-V LVTTL" -to AD_2_DATA[8]
set_instance_assignment -name IO_STANDARD "3.3-V LVTTL" -to AD_2_DATA[9]
set_instance_assignment -name IO_STANDARD "3.3-V LVTTL" -to AD_2_DATA[10]
set_instance_assignment -name IO_STANDARD "3.3-V LVTTL" -to AD_2_DATA[11]
set_instance_assignment -name IO_STANDARD "3.3-V LVTTL" -to Rst_n
set_instance_assignment -name IO_STANDARD "3.3-V LVTTL" -to Key
set_instance_assignment -name IO_STANDARD "3.3-V LVTTL" -to DACB_WRT
set_instance_assignment -name IO_STANDARD "3.3-V LVTTL" -to DACB_DATA[0]
set_instance_assignment -name IO_STANDARD "3.3-V LVTTL" -to DACB_DATA[1]
set_instance_assignment -name IO_STANDARD "3.3-V LVTTL" -to DACB_DATA[2]
set_instance_assignment -name IO_STANDARD "3.3-V LVTTL" -to DACB_DATA[3]
set_instance_assignment -name IO_STANDARD "3.3-V LVTTL" -to DACB_DATA[4]
set_instance_assignment -name IO_STANDARD "3.3-V LVTTL" -to CLK50M
set_instance_assignment -name IO_STANDARD "3.3-V LVTTL" -to DACA_CLK
set_instance_assignment -name IO_STANDARD "3.3-V LVTTL" -to DACA_DATA[13]
set_instance_assignment -name IO_STANDARD "3.3-V LVTTL" -to DACA_DATA[12]
set_instance_assignment -name IO_STANDARD "3.3-V LVTTL" -to DACA_DATA[11]
set_instance_assignment -name IO_STANDARD "3.3-V LVTTL" -to DACA_DATA[10]
set_instance_assignment -name IO_STANDARD "3.3-V LVTTL" -to DACA_DATA[9]
set_instance_assignment -name IO_STANDARD "3.3-V LVTTL" -to DACA_DATA[8]
set_instance_assignment -name IO_STANDARD "3.3-V LVTTL" -to DACB_DATA[5]
set_instance_assignment -name IO_STANDARD "3.3-V LVTTL" -to DACB_DATA[6]
set_instance_assignment -name IO_STANDARD "3.3-V LVTTL" -to DACB_DATA[7]
set_instance_assignment -name IO_STANDARD "3.3-V LVTTL" -to DACB_DATA[8]
set_instance_assignment -name IO_STANDARD "3.3-V LVTTL" -to DACB_DATA[9]
set_instance_assignment -name IO_STANDARD "3.3-V LVTTL" -to DACB_DATA[10]
set_instance_assignment -name IO_STANDARD "3.3-V LVTTL" -to DACB_DATA[11]
set_instance_assignment -name IO_STANDARD "3.3-V LVTTL" -to DACB_DATA[12]
set_instance_assignment -name IO_STANDARD "3.3-V LVTTL" -to DACB_DATA[13]
set_instance_assignment -name IO_STANDARD "3.3-V LVTTL" -to DACB_CLK
set_instance_assignment -name IO_STANDARD "3.3-V LVTTL" -to DACA_WRT
set_instance_assignment -name IO_STANDARD "3.3-V LVTTL" -to DACA_DATA[0]
set_instance_assignment -name IO_STANDARD "3.3-V LVTTL" -to DACA_DATA[1]
set_instance_assignment -name IO_STANDARD "3.3-V LVTTL" -to DACA_DATA[2]
set_instance_assignment -name IO_STANDARD "3.3-V LVTTL" -to DACA_DATA[3]
set_instance_assignment -name IO_STANDARD "3.3-V LVTTL" -to DACA_DATA[4]
set_instance_assignment -name IO_STANDARD "3.3-V LVTTL" -to DACA_DATA[5]
set_instance_assignment -name IO_STANDARD "3.3-V LVTTL" -to DACA_DATA[6]
set_instance_assignment -name IO_STANDARD "3.3-V LVTTL" -to DACA_DATA[7]
set_instance_assignment -name PARTITION_HIERARCHY root_partition -to | -section_id Top
